
Microsoft Visual Studio Solution File, Format Version 12.00
# Visual Studio Version 17
VisualStudioVersion = 17.10.35027.167
MinimumVisualStudioVersion = 10.0.40219.1
Project("{8BC9CEB8-8B4A-11D0-8D11-00A0C91BC942}") = "UI3", "UI3\UI3.vcxproj", "{C9A40DC4-F67F-494E-8680-8EE00B54D9E9}"
EndProject
Project("{8BC9CEB8-8B4A-11D0-8D11-00A0C91BC942}") = "CLUI", "CLUI\CLUI.vcxproj", "{0470E02A-CB51-4FF0-9FA7-AA8ED3157540}"
EndProject
Global
	GlobalSection(SolutionConfigurationPlatforms) = preSolution
		Debug|x64 = Debug|x64
		Debug|x86 = Debug|x86
		Release|x64 = Release|x64
		Release|x86 = Release|x86
	EndGlobalSection
	GlobalSection(ProjectConfigurationPlatforms) = postSolution
		{C9A40DC4-F67F-494E-8680-8EE00B54D9E9}.Debug|x64.ActiveCfg = Debug|x64
		{C9A40DC4-F67F-494E-8680-8EE00B54D9E9}.Debug|x64.Build.0 = Debug|x64
		{C9A40DC4-F67F-494E-8680-8EE00B54D9E9}.Debug|x86.ActiveCfg = Debug|Win32
		{C9A40DC4-F67F-494E-8680-8EE00B54D9E9}.Debug|x86.Build.0 = Debug|Win32
		{C9A40DC4-F67F-494E-8680-8EE00B54D9E9}.Release|x64.ActiveCfg = Release|x64
		{C9A40DC4-F67F-494E-8680-8EE00B54D9E9}.Release|x64.Build.0 = Release|x64
		{C9A40DC4-F67F-494E-8680-8EE00B54D9E9}.Release|x86.ActiveCfg = Release|Win32
		{C9A40DC4-F67F-494E-8680-8EE00B54D9E9}.Release|x86.Build.0 = Release|Win32
		{0470E02A-CB51-4FF0-9FA7-AA8ED3157540}.Debug|x64.ActiveCfg = Debug|x64
		{0470E02A-CB51-4FF0-9FA7-AA8ED3157540}.Debug|x64.Build.0 = Debug|x64
		{0470E02A-CB51-4FF0-9FA7-AA8ED3157540}.Debug|x86.ActiveCfg = Debug|Win32
		{0470E02A-CB51-4FF0-9FA7-AA8ED3157540}.Debug|x86.Build.0 = Debug|Win32
		{0470E02A-CB51-4FF0-9FA7-AA8ED3157540}.Release|x64.ActiveCfg = Release|x64
		{0470E02A-CB51-4FF0-9FA7-AA8ED3157540}.Release|x64.Build.0 = Release|x64
		{0470E02A-CB51-4FF0-9FA7-AA8ED3157540}.Release|x86.ActiveCfg = Release|Win32
		{0470E02A-CB51-4FF0-9FA7-AA8ED3157540}.Release|x86.Build.0 = Release|Win32
	EndGlobalSection
	GlobalSection(SolutionProperties) = preSolution
		HideSolutionNode = FALSE
	EndGlobalSection
	GlobalSection(ExtensibilityGlobals) = postSolution
		SolutionGuid = {BBD02183-8679-4A87-AA00-52D282133DA0}
	EndGlobalSection
EndGlobal
